
Microsoft Visual Studio Solution File, Format Version 12.00
# Visual Studio Version 17
VisualStudioVersion = 17.9.34728.123
MinimumVisualStudioVersion = 10.0.40219.1
Project("{FAE04EC0-301F-11D3-BF4B-00C04F79EFBC}") = "YourNamespace", "YourNamespace\YourNamespace.csproj", "{879B22B1-9655-47BD-B7CB-9873ABC689D4}"
EndProject
Global
	GlobalSection(SolutionConfigurationPlatforms) = preSolution
		Debug|Any CPU = Debug|Any CPU
		Release|Any CPU = Release|Any CPU
	EndGlobalSection
	GlobalSection(ProjectConfigurationPlatforms) = postSolution
		{879B22B1-9655-47BD-B7CB-9873ABC689D4}.Debug|Any CPU.ActiveCfg = Debug|Any CPU
		{879B22B1-9655-47BD-B7CB-9873ABC689D4}.Debug|Any CPU.Build.0 = Debug|Any CPU
		{879B22B1-9655-47BD-B7CB-9873ABC689D4}.Release|Any CPU.ActiveCfg = Release|Any CPU
		{879B22B1-9655-47BD-B7CB-9873ABC689D4}.Release|Any CPU.Build.0 = Release|Any CPU
	EndGlobalSection
	GlobalSection(SolutionProperties) = preSolution
		HideSolutionNode = FALSE
	EndGlobalSection
	GlobalSection(ExtensibilityGlobals) = postSolution
		SolutionGuid = {16E0B9AF-C194-42AC-A201-D6A7681C2F52}
	EndGlobalSection
EndGlobal
